
Microsoft Visual Studio Solution File, Format Version 12.00
# Visual Studio Version 17
VisualStudioVersion = 17.4.33205.214
MinimumVisualStudioVersion = 10.0.40219.1
Project("{9A19103F-16F7-4668-BE54-9A1E7A4F7556}") = "MedIntellia", "MedIntellia\MedIntellia.csproj", "{0C61E0D4-871A-4597-99E6-DE0CB6DA4AC2}"
EndProject
Project("{9A19103F-16F7-4668-BE54-9A1E7A4F7556}") = "DataModel", "DataModel\DataModel.csproj", "{05634D61-E11A-4FF2-BEE4-A2C9726DE408}"
EndProject
Project("{9A19103F-16F7-4668-BE54-9A1E7A4F7556}") = "Service Broker", "Service Broker\Service Broker.csproj", "{3C2466CF-2E8E-43F3-8011-8E315B14503F}"
EndProject
Project("{9A19103F-16F7-4668-BE54-9A1E7A4F7556}") = "MI_WebAPI", "..\MI_WebAPI\MI_WebAPI.csproj", "{387B38CA-0227-453A-91B1-4BD056F3D8F3}"
EndProject
Global
	GlobalSection(SolutionConfigurationPlatforms) = preSolution
		Debug|Any CPU = Debug|Any CPU
		Release|Any CPU = Release|Any CPU
	EndGlobalSection
	GlobalSection(ProjectConfigurationPlatforms) = postSolution
		{0C61E0D4-871A-4597-99E6-DE0CB6DA4AC2}.Debug|Any CPU.ActiveCfg = Debug|Any CPU
		{0C61E0D4-871A-4597-99E6-DE0CB6DA4AC2}.Debug|Any CPU.Build.0 = Debug|Any CPU
		{0C61E0D4-871A-4597-99E6-DE0CB6DA4AC2}.Release|Any CPU.ActiveCfg = Release|Any CPU
		{0C61E0D4-871A-4597-99E6-DE0CB6DA4AC2}.Release|Any CPU.Build.0 = Release|Any CPU
		{05634D61-E11A-4FF2-BEE4-A2C9726DE408}.Debug|Any CPU.ActiveCfg = Debug|Any CPU
		{05634D61-E11A-4FF2-BEE4-A2C9726DE408}.Debug|Any CPU.Build.0 = Debug|Any CPU
		{05634D61-E11A-4FF2-BEE4-A2C9726DE408}.Release|Any CPU.ActiveCfg = Release|Any CPU
		{05634D61-E11A-4FF2-BEE4-A2C9726DE408}.Release|Any CPU.Build.0 = Release|Any CPU
		{3C2466CF-2E8E-43F3-8011-8E315B14503F}.Debug|Any CPU.ActiveCfg = Debug|Any CPU
		{3C2466CF-2E8E-43F3-8011-8E315B14503F}.Debug|Any CPU.Build.0 = Debug|Any CPU
		{3C2466CF-2E8E-43F3-8011-8E315B14503F}.Release|Any CPU.ActiveCfg = Release|Any CPU
		{3C2466CF-2E8E-43F3-8011-8E315B14503F}.Release|Any CPU.Build.0 = Release|Any CPU
		{387B38CA-0227-453A-91B1-4BD056F3D8F3}.Debug|Any CPU.ActiveCfg = Debug|Any CPU
		{387B38CA-0227-453A-91B1-4BD056F3D8F3}.Debug|Any CPU.Build.0 = Debug|Any CPU
		{387B38CA-0227-453A-91B1-4BD056F3D8F3}.Release|Any CPU.ActiveCfg = Release|Any CPU
		{387B38CA-0227-453A-91B1-4BD056F3D8F3}.Release|Any CPU.Build.0 = Release|Any CPU
	EndGlobalSection
	GlobalSection(SolutionProperties) = preSolution
		HideSolutionNode = FALSE
	EndGlobalSection
	GlobalSection(ExtensibilityGlobals) = postSolution
		SolutionGuid = {65A176D3-0197-4B2A-82E3-0B43ACE6961B}
	EndGlobalSection
EndGlobal
